
Microsoft Visual Studio Solution File, Format Version 12.00
# Visual Studio Version 17
VisualStudioVersion = 17.0.31903.59
MinimumVisualStudioVersion = 10.0.40219.1
Project("{2150E333-8FDC-42A3-9474-1A3956D46DE8}") = "src", "src", "{FDF24673-E821-4515-BF84-DEA7C1322030}"
EndProject
Project("{FAE04EC0-301F-11D3-BF4B-00C04F79EFBC}") = "HugSpace.Domain", "src\HugSpace.Domain\HugSpace.Domain.csproj", "{7B28144C-94CF-4A16-B4D8-9642829A82AB}"
EndProject
Project("{FAE04EC0-301F-11D3-BF4B-00C04F79EFBC}") = "HugSpace.Application", "src\HugSpace.Application\HugSpace.Application.csproj", "{F8AE7474-8652-4FC5-A528-645B78E696F8}"
EndProject
Project("{FAE04EC0-301F-11D3-BF4B-00C04F79EFBC}") = "HugSpace.Infrastructure", "src\HugSpace.Infrastructure\HugSpace.Infrastructure.csproj", "{8C15B5B6-1FD9-479C-93EC-0F8BDBB16503}"
EndProject
Project("{FAE04EC0-301F-11D3-BF4B-00C04F79EFBC}") = "HugSpace.Api", "src\HugSpace.Api\HugSpace.Api.csproj", "{F1210DC3-EA36-4FF3-A606-4880474CFE58}"
EndProject
Project("{FAE04EC0-301F-11D3-BF4B-00C04F79EFBC}") = "HugSpace.Shared", "src\HugSpace.Shared\HugSpace.Shared.csproj", "{9972D9AF-37E5-43DC-AC48-1933E91C8F61}"
EndProject
Project("{2150E333-8FDC-42A3-9474-1A3956D46DE8}") = "tests", "tests", "{4ADF2463-A7E2-436D-A639-B3BBB507EEB8}"
EndProject
Project("{FAE04EC0-301F-11D3-BF4B-00C04F79EFBC}") = "HugSpace.UnitTests", "tests\HugSpace.UnitTests\HugSpace.UnitTests.csproj", "{C049255B-F5F1-49B1-AA38-331CB36F60FD}"
EndProject
Project("{FAE04EC0-301F-11D3-BF4B-00C04F79EFBC}") = "HugSpace.IntegrationTests", "tests\HugSpace.IntegrationTests\HugSpace.IntegrationTests.csproj", "{C68A8A96-BEA5-4484-9615-2530A1036AE3}"
EndProject
Project("{2150E333-8FDC-42A3-9474-1A3956D46DE8}") = "HugSpace.BlazorApp", "HugSpace.BlazorApp", "{CF3A060F-EA03-428D-913E-13A118387FFD}"
EndProject
Project("{FAE04EC0-301F-11D3-BF4B-00C04F79EFBC}") = "HugSpace.BlazorApp", "src\HugSpace.BlazorApp\HugSpace.BlazorApp\HugSpace.BlazorApp.csproj", "{21FA0EF6-2253-4953-BFCF-79238EE1917E}"
EndProject
Project("{FAE04EC0-301F-11D3-BF4B-00C04F79EFBC}") = "HugSpace.BlazorApp.Client", "src\HugSpace.BlazorApp\HugSpace.BlazorApp.Client\HugSpace.BlazorApp.Client.csproj", "{4205F5EB-9BBE-4F59-AE8A-C4451C6D698D}"
EndProject
Global
	GlobalSection(SolutionConfigurationPlatforms) = preSolution
		Debug|Any CPU = Debug|Any CPU
		Release|Any CPU = Release|Any CPU
	EndGlobalSection
	GlobalSection(SolutionProperties) = preSolution
		HideSolutionNode = FALSE
	EndGlobalSection
	GlobalSection(ProjectConfigurationPlatforms) = postSolution
		{7B28144C-94CF-4A16-B4D8-9642829A82AB}.Debug|Any CPU.ActiveCfg = Debug|Any CPU
		{7B28144C-94CF-4A16-B4D8-9642829A82AB}.Debug|Any CPU.Build.0 = Debug|Any CPU
		{7B28144C-94CF-4A16-B4D8-9642829A82AB}.Release|Any CPU.ActiveCfg = Release|Any CPU
		{7B28144C-94CF-4A16-B4D8-9642829A82AB}.Release|Any CPU.Build.0 = Release|Any CPU
		{F8AE7474-8652-4FC5-A528-645B78E696F8}.Debug|Any CPU.ActiveCfg = Debug|Any CPU
		{F8AE7474-8652-4FC5-A528-645B78E696F8}.Debug|Any CPU.Build.0 = Debug|Any CPU
		{F8AE7474-8652-4FC5-A528-645B78E696F8}.Release|Any CPU.ActiveCfg = Release|Any CPU
		{F8AE7474-8652-4FC5-A528-645B78E696F8}.Release|Any CPU.Build.0 = Release|Any CPU
		{8C15B5B6-1FD9-479C-93EC-0F8BDBB16503}.Debug|Any CPU.ActiveCfg = Debug|Any CPU
		{8C15B5B6-1FD9-479C-93EC-0F8BDBB16503}.Debug|Any CPU.Build.0 = Debug|Any CPU
		{8C15B5B6-1FD9-479C-93EC-0F8BDBB16503}.Release|Any CPU.ActiveCfg = Release|Any CPU
		{8C15B5B6-1FD9-479C-93EC-0F8BDBB16503}.Release|Any CPU.Build.0 = Release|Any CPU
		{F1210DC3-EA36-4FF3-A606-4880474CFE58}.Debug|Any CPU.ActiveCfg = Debug|Any CPU
		{F1210DC3-EA36-4FF3-A606-4880474CFE58}.Debug|Any CPU.Build.0 = Debug|Any CPU
		{F1210DC3-EA36-4FF3-A606-4880474CFE58}.Release|Any CPU.ActiveCfg = Release|Any CPU
		{F1210DC3-EA36-4FF3-A606-4880474CFE58}.Release|Any CPU.Build.0 = Release|Any CPU
		{9972D9AF-37E5-43DC-AC48-1933E91C8F61}.Debug|Any CPU.ActiveCfg = Debug|Any CPU
		{9972D9AF-37E5-43DC-AC48-1933E91C8F61}.Debug|Any CPU.Build.0 = Debug|Any CPU
		{9972D9AF-37E5-43DC-AC48-1933E91C8F61}.Release|Any CPU.ActiveCfg = Release|Any CPU
		{9972D9AF-37E5-43DC-AC48-1933E91C8F61}.Release|Any CPU.Build.0 = Release|Any CPU
		{C049255B-F5F1-49B1-AA38-331CB36F60FD}.Debug|Any CPU.ActiveCfg = Debug|Any CPU
		{C049255B-F5F1-49B1-AA38-331CB36F60FD}.Debug|Any CPU.Build.0 = Debug|Any CPU
		{C049255B-F5F1-49B1-AA38-331CB36F60FD}.Release|Any CPU.ActiveCfg = Release|Any CPU
		{C049255B-F5F1-49B1-AA38-331CB36F60FD}.Release|Any CPU.Build.0 = Release|Any CPU
		{C68A8A96-BEA5-4484-9615-2530A1036AE3}.Debug|Any CPU.ActiveCfg = Debug|Any CPU
		{C68A8A96-BEA5-4484-9615-2530A1036AE3}.Debug|Any CPU.Build.0 = Debug|Any CPU
		{C68A8A96-BEA5-4484-9615-2530A1036AE3}.Release|Any CPU.ActiveCfg = Release|Any CPU
		{C68A8A96-BEA5-4484-9615-2530A1036AE3}.Release|Any CPU.Build.0 = Release|Any CPU
		{21FA0EF6-2253-4953-BFCF-79238EE1917E}.Debug|Any CPU.ActiveCfg = Debug|Any CPU
		{21FA0EF6-2253-4953-BFCF-79238EE1917E}.Debug|Any CPU.Build.0 = Debug|Any CPU
		{21FA0EF6-2253-4953-BFCF-79238EE1917E}.Release|Any CPU.ActiveCfg = Release|Any CPU
		{21FA0EF6-2253-4953-BFCF-79238EE1917E}.Release|Any CPU.Build.0 = Release|Any CPU
		{4205F5EB-9BBE-4F59-AE8A-C4451C6D698D}.Debug|Any CPU.ActiveCfg = Debug|Any CPU
		{4205F5EB-9BBE-4F59-AE8A-C4451C6D698D}.Debug|Any CPU.Build.0 = Debug|Any CPU
		{4205F5EB-9BBE-4F59-AE8A-C4451C6D698D}.Release|Any CPU.ActiveCfg = Release|Any CPU
		{4205F5EB-9BBE-4F59-AE8A-C4451C6D698D}.Release|Any CPU.Build.0 = Release|Any CPU
	EndGlobalSection
	GlobalSection(NestedProjects) = preSolution
		{7B28144C-94CF-4A16-B4D8-9642829A82AB} = {FDF24673-E821-4515-BF84-DEA7C1322030}
		{F8AE7474-8652-4FC5-A528-645B78E696F8} = {FDF24673-E821-4515-BF84-DEA7C1322030}
		{8C15B5B6-1FD9-479C-93EC-0F8BDBB16503} = {FDF24673-E821-4515-BF84-DEA7C1322030}
		{F1210DC3-EA36-4FF3-A606-4880474CFE58} = {FDF24673-E821-4515-BF84-DEA7C1322030}
		{9972D9AF-37E5-43DC-AC48-1933E91C8F61} = {FDF24673-E821-4515-BF84-DEA7C1322030}
		{C049255B-F5F1-49B1-AA38-331CB36F60FD} = {4ADF2463-A7E2-436D-A639-B3BBB507EEB8}
		{C68A8A96-BEA5-4484-9615-2530A1036AE3} = {4ADF2463-A7E2-436D-A639-B3BBB507EEB8}
		{CF3A060F-EA03-428D-913E-13A118387FFD} = {FDF24673-E821-4515-BF84-DEA7C1322030}
		{21FA0EF6-2253-4953-BFCF-79238EE1917E} = {CF3A060F-EA03-428D-913E-13A118387FFD}
		{4205F5EB-9BBE-4F59-AE8A-C4451C6D698D} = {CF3A060F-EA03-428D-913E-13A118387FFD}
	EndGlobalSection
EndGlobal
